
Microsoft Visual Studio Solution File, Format Version 12.00
# Visual Studio Version 17
VisualStudioVersion = 17.7.34031.279
MinimumVisualStudioVersion = 10.0.40219.1
Project("{F184B08F-C81C-45F6-A57F-5ABD9991F28F}") = "SFDeped", "SFDeped\SFDeped.vbproj", "{7364D9AF-A710-4F2A-B278-087A0D73CCFE}"
EndProject
Global
	GlobalSection(SolutionConfigurationPlatforms) = preSolution
		Debug|Any CPU = Debug|Any CPU
		Release|Any CPU = Release|Any CPU
	EndGlobalSection
	GlobalSection(ProjectConfigurationPlatforms) = postSolution
		{7364D9AF-A710-4F2A-B278-087A0D73CCFE}.Debug|Any CPU.ActiveCfg = Debug|Any CPU
		{7364D9AF-A710-4F2A-B278-087A0D73CCFE}.Debug|Any CPU.Build.0 = Debug|Any CPU
		{7364D9AF-A710-4F2A-B278-087A0D73CCFE}.Release|Any CPU.ActiveCfg = Release|Any CPU
		{7364D9AF-A710-4F2A-B278-087A0D73CCFE}.Release|Any CPU.Build.0 = Release|Any CPU
	EndGlobalSection
	GlobalSection(SolutionProperties) = preSolution
		HideSolutionNode = FALSE
	EndGlobalSection
	GlobalSection(ExtensibilityGlobals) = postSolution
		SolutionGuid = {F9217681-B84F-4A03-8A22-DE96C5CF7CCF}
	EndGlobalSection
EndGlobal
